
Microsoft Visual Studio Solution File, Format Version 12.00
# Visual Studio Version 17
VisualStudioVersion = 17.11.35327.3
MinimumVisualStudioVersion = 10.0.40219.1
Project("{FAE04EC0-301F-11D3-BF4B-00C04F79EFBC}") = "FunctionAppMI-Dotnet8-isolated", "FunctionAppMI-Dotnet8-isolated.csproj", "{5A5C4F22-3728-4E03-8A84-F8F6C91E8419}"
EndProject
Global
	GlobalSection(SolutionConfigurationPlatforms) = preSolution
		Debug|Any CPU = Debug|Any CPU
		Release|Any CPU = Release|Any CPU
	EndGlobalSection
	GlobalSection(ProjectConfigurationPlatforms) = postSolution
		{5A5C4F22-3728-4E03-8A84-F8F6C91E8419}.Debug|Any CPU.ActiveCfg = Debug|Any CPU
		{5A5C4F22-3728-4E03-8A84-F8F6C91E8419}.Debug|Any CPU.Build.0 = Debug|Any CPU
		{5A5C4F22-3728-4E03-8A84-F8F6C91E8419}.Release|Any CPU.ActiveCfg = Release|Any CPU
		{5A5C4F22-3728-4E03-8A84-F8F6C91E8419}.Release|Any CPU.Build.0 = Release|Any CPU
	EndGlobalSection
	GlobalSection(SolutionProperties) = preSolution
		HideSolutionNode = FALSE
	EndGlobalSection
	GlobalSection(ExtensibilityGlobals) = postSolution
		SolutionGuid = {6D68BE11-3A61-4616-A873-9339321CF104}
	EndGlobalSection
EndGlobal
